github.com/graphql-go/graphql v0.7.7 h1:nwEsJGwPq9N6cElOO+NYyoWuELAQZ4GuJks0Rlco5og=
github.com/graphql-go/graphql v0.7.7/go.mod h1:k6yrAYQaSP59DC5UVxbgxESlmVyojThKdORUqGDGmrI=
github.com/teknokeras/golang-graphql-template v0.0.0-20190113021734-d0f5dd51991d h1:5VklNFz+tTR8p26aMATxFQIStG2lqd6BmRdFDM+kT6Y=
